
Microsoft Visual Studio Solution File, Format Version 12.00
# Visual Studio Version 17
VisualStudioVersion = 17.3.32901.215
MinimumVisualStudioVersion = 10.0.40219.1
Project("{FAE04EC0-301F-11D3-BF4B-00C04F79EFBC}") = "Bai05", "Bai05\Bai05.csproj", "{557222AD-F637-4B0F-BFE5-097BB35F2498}"
EndProject
Global
	GlobalSection(SolutionConfigurationPlatforms) = preSolution
		Debug|Any CPU = Debug|Any CPU
		Release|Any CPU = Release|Any CPU
	EndGlobalSection
	GlobalSection(ProjectConfigurationPlatforms) = postSolution
		{557222AD-F637-4B0F-BFE5-097BB35F2498}.Debug|Any CPU.ActiveCfg = Debug|Any CPU
		{557222AD-F637-4B0F-BFE5-097BB35F2498}.Debug|Any CPU.Build.0 = Debug|Any CPU
		{557222AD-F637-4B0F-BFE5-097BB35F2498}.Release|Any CPU.ActiveCfg = Release|Any CPU
		{557222AD-F637-4B0F-BFE5-097BB35F2498}.Release|Any CPU.Build.0 = Release|Any CPU
	EndGlobalSection
	GlobalSection(SolutionProperties) = preSolution
		HideSolutionNode = FALSE
	EndGlobalSection
	GlobalSection(ExtensibilityGlobals) = postSolution
		SolutionGuid = {2B629C5E-C617-40F8-8A46-F3DC6FA7617E}
	EndGlobalSection
EndGlobal
