
Microsoft Visual Studio Solution File, Format Version 12.00
# Visual Studio Version 16
VisualStudioVersion = 16.0.30406.217
MinimumVisualStudioVersion = 10.0.40219.1
Project("{FAE04EC0-301F-11D3-BF4B-00C04F79EFBC}") = "03", "03\03.csproj", "{BBA13A6D-0616-42D6-907D-48C4C76A675B}"
EndProject
Global
	GlobalSection(SolutionConfigurationPlatforms) = preSolution
		Debug|Any CPU = Debug|Any CPU
		Release|Any CPU = Release|Any CPU
	EndGlobalSection
	GlobalSection(ProjectConfigurationPlatforms) = postSolution
		{BBA13A6D-0616-42D6-907D-48C4C76A675B}.Debug|Any CPU.ActiveCfg = Debug|Any CPU
		{BBA13A6D-0616-42D6-907D-48C4C76A675B}.Debug|Any CPU.Build.0 = Debug|Any CPU
		{BBA13A6D-0616-42D6-907D-48C4C76A675B}.Release|Any CPU.ActiveCfg = Release|Any CPU
		{BBA13A6D-0616-42D6-907D-48C4C76A675B}.Release|Any CPU.Build.0 = Release|Any CPU
	EndGlobalSection
	GlobalSection(SolutionProperties) = preSolution
		HideSolutionNode = FALSE
	EndGlobalSection
	GlobalSection(ExtensibilityGlobals) = postSolution
		SolutionGuid = {3983F465-65DB-464E-A76C-663BF0D161CD}
	EndGlobalSection
EndGlobal
