
Microsoft Visual Studio Solution File, Format Version 12.00
# Visual Studio Version 17
VisualStudioVersion = 17.3.32901.215
MinimumVisualStudioVersion = 10.0.40219.1
Project("{FAE04EC0-301F-11D3-BF4B-00C04F79EFBC}") = "Bai07", "Bai07\Bai07.csproj", "{6CCE4F23-C716-44F3-8EE0-21A169E59713}"
EndProject
Global
	GlobalSection(SolutionConfigurationPlatforms) = preSolution
		Debug|Any CPU = Debug|Any CPU
		Release|Any CPU = Release|Any CPU
	EndGlobalSection
	GlobalSection(ProjectConfigurationPlatforms) = postSolution
		{6CCE4F23-C716-44F3-8EE0-21A169E59713}.Debug|Any CPU.ActiveCfg = Debug|Any CPU
		{6CCE4F23-C716-44F3-8EE0-21A169E59713}.Debug|Any CPU.Build.0 = Debug|Any CPU
		{6CCE4F23-C716-44F3-8EE0-21A169E59713}.Release|Any CPU.ActiveCfg = Release|Any CPU
		{6CCE4F23-C716-44F3-8EE0-21A169E59713}.Release|Any CPU.Build.0 = Release|Any CPU
	EndGlobalSection
	GlobalSection(SolutionProperties) = preSolution
		HideSolutionNode = FALSE
	EndGlobalSection
	GlobalSection(ExtensibilityGlobals) = postSolution
		SolutionGuid = {C80C6B67-F383-4227-B844-9CFA06059E2B}
	EndGlobalSection
EndGlobal
