
Microsoft Visual Studio Solution File, Format Version 12.00
# Visual Studio Version 17
VisualStudioVersion = 17.3.32901.215
MinimumVisualStudioVersion = 10.0.40219.1
Project("{FAE04EC0-301F-11D3-BF4B-00C04F79EFBC}") = "Bai09", "Bai09\Bai09.csproj", "{EADF2871-E45C-4194-85E9-B56EF8516239}"
EndProject
Global
	GlobalSection(SolutionConfigurationPlatforms) = preSolution
		Debug|Any CPU = Debug|Any CPU
		Release|Any CPU = Release|Any CPU
	EndGlobalSection
	GlobalSection(ProjectConfigurationPlatforms) = postSolution
		{EADF2871-E45C-4194-85E9-B56EF8516239}.Debug|Any CPU.ActiveCfg = Debug|Any CPU
		{EADF2871-E45C-4194-85E9-B56EF8516239}.Debug|Any CPU.Build.0 = Debug|Any CPU
		{EADF2871-E45C-4194-85E9-B56EF8516239}.Release|Any CPU.ActiveCfg = Release|Any CPU
		{EADF2871-E45C-4194-85E9-B56EF8516239}.Release|Any CPU.Build.0 = Release|Any CPU
	EndGlobalSection
	GlobalSection(SolutionProperties) = preSolution
		HideSolutionNode = FALSE
	EndGlobalSection
	GlobalSection(ExtensibilityGlobals) = postSolution
		SolutionGuid = {0C63328D-6365-4E69-B555-DB9286171E20}
	EndGlobalSection
EndGlobal
